// !$*UTF8*$!
{
	archiveVersion = 1;
	classes = {
	};
	objectVersion = 55;
	objects = {

/* Begin PBXBuildFile section */
		5D10150A2701F79500A6FFA3 /* AppDelegate.swift in Sources */ = {isa = PBXBuildFile; fileRef = 5D1015092701F79500A6FFA3 /* AppDelegate.swift */; };
		5D1015102701F79500A6FFA3 /* AboutAppViewController.swift in Sources */ = {isa = PBXBuildFile; fileRef = 5D10150F2701F79500A6FFA3 /* AboutAppViewController.swift */; };
		5D1015132701F79500A6FFA3 /* Main.storyboard in Resources */ = {isa = PBXBuildFile; fileRef = 5D1015112701F79500A6FFA3 /* Main.storyboard */; };
		5D1015152701F79800A6FFA3 /* Assets.xcassets in Resources */ = {isa = PBXBuildFile; fileRef = 5D1015142701F79800A6FFA3 /* Assets.xcassets */; };
		5D1015182701F79800A6FFA3 /* LaunchScreen.storyboard in Resources */ = {isa = PBXBuildFile; fileRef = 5D1015162701F79800A6FFA3 /* LaunchScreen.storyboard */; };
		5D78D12527FCB45200EFE4F5 /* StepAction.swift in Sources */ = {isa = PBXBuildFile; fileRef = 5D78D12427FCB45200EFE4F5 /* StepAction.swift */; };
		5D78D12727FCB47F00EFE4F5 /* Coordinator.swift in Sources */ = {isa = PBXBuildFile; fileRef = 5D78D12627FCB47F00EFE4F5 /* Coordinator.swift */; };
		5D78D12927FCB59800EFE4F5 /* AppCoordinator.swift in Sources */ = {isa = PBXBuildFile; fileRef = 5D78D12827FCB59800EFE4F5 /* AppCoordinator.swift */; };
/* End PBXBuildFile section */

/* Begin PBXFileReference section */
		5D1015062701F79500A6FFA3 /* CoordinatorArticle.app */ = {isa = PBXFileReference; explicitFileType = wrapper.application; includeInIndex = 0; path = CoordinatorArticle.app; sourceTree = BUILT_PRODUCTS_DIR; };
		5D1015092701F79500A6FFA3 /* AppDelegate.swift */ = {isa = PBXFileReference; lastKnownFileType = sourcecode.swift; path = AppDelegate.swift; sourceTree = "<group>"; };
		5D10150F2701F79500A6FFA3 /* AboutAppViewController.swift */ = {isa = PBXFileReference; lastKnownFileType = sourcecode.swift; path = AboutAppViewController.swift; sourceTree = "<group>"; };
		5D1015122701F79500A6FFA3 /* Base */ = {isa = PBXFileReference; lastKnownFileType = file.storyboard; name = Base; path = Base.lproj/Main.storyboard; sourceTree = "<group>"; };
		5D1015142701F79800A6FFA3 /* Assets.xcassets */ = {isa = PBXFileReference; lastKnownFileType = folder.assetcatalog; path = Assets.xcassets; sourceTree = "<group>"; };
		5D1015172701F79800A6FFA3 /* Base */ = {isa = PBXFileReference; lastKnownFileType = file.storyboard; name = Base; path = Base.lproj/LaunchScreen.storyboard; sourceTree = "<group>"; };
		5D1015192701F79800A6FFA3 /* Info.plist */ = {isa = PBXFileReference; lastKnownFileType = text.plist.xml; path = Info.plist; sourceTree = "<group>"; };
		5D78D12427FCB45200EFE4F5 /* StepAction.swift */ = {isa = PBXFileReference; lastKnownFileType = sourcecode.swift; path = StepAction.swift; sourceTree = "<group>"; };
		5D78D12627FCB47F00EFE4F5 /* Coordinator.swift */ = {isa = PBXFileReference; lastKnownFileType = sourcecode.swift; path = Coordinator.swift; sourceTree = "<group>"; };
		5D78D12827FCB59800EFE4F5 /* AppCoordinator.swift */ = {isa = PBXFileReference; lastKnownFileType = sourcecode.swift; path = AppCoordinator.swift; sourceTree = "<group>"; };
/* End PBXFileReference section */

/* Begin PBXFrameworksBuildPhase section */
		5D1015032701F79500A6FFA3 /* Frameworks */ = {
			isa = PBXFrameworksBuildPhase;
			buildActionMask = 2147483647;
			files = (
			);
			runOnlyForDeploymentPostprocessing = 0;
		};
/* End PBXFrameworksBuildPhase section */

/* Begin PBXGroup section */
		5D1014FD2701F79500A6FFA3 = {
			isa = PBXGroup;
			children = (
				5D1015082701F79500A6FFA3 /* CoordinatorArticle */,
				5D1015072701F79500A6FFA3 /* Products */,
			);
			sourceTree = "<group>";
		};
		5D1015072701F79500A6FFA3 /* Products */ = {
			isa = PBXGroup;
			children = (
				5D1015062701F79500A6FFA3 /* CoordinatorArticle.app */,
			);
			name = Products;
			sourceTree = "<group>";
		};
		5D1015082701F79500A6FFA3 /* CoordinatorArticle */ = {
			isa = PBXGroup;
			children = (
				5D78D12B27FCB66800EFE4F5 /* Coordinator */,
				5D78D12A27FCB65600EFE4F5 /* Model */,
				5D1015092701F79500A6FFA3 /* AppDelegate.swift */,
				5D10150F2701F79500A6FFA3 /* AboutAppViewController.swift */,
				5D1015112701F79500A6FFA3 /* Main.storyboard */,
				5D1015142701F79800A6FFA3 /* Assets.xcassets */,
				5D1015162701F79800A6FFA3 /* LaunchScreen.storyboard */,
				5D1015192701F79800A6FFA3 /* Info.plist */,
			);
			path = CoordinatorArticle;
			sourceTree = "<group>";
		};
		5D78D12A27FCB65600EFE4F5 /* Model */ = {
			isa = PBXGroup;
			children = (
				5D78D12427FCB45200EFE4F5 /* StepAction.swift */,
			);
			path = Model;
			sourceTree = "<group>";
		};
		5D78D12B27FCB66800EFE4F5 /* Coordinator */ = {
			isa = PBXGroup;
			children = (
				5D78D12627FCB47F00EFE4F5 /* Coordinator.swift */,
				5D78D12827FCB59800EFE4F5 /* AppCoordinator.swift */,
			);
			path = Coordinator;
			sourceTree = "<group>";
		};
/* End PBXGroup section */

/* Begin PBXNativeTarget section */
		5D1015052701F79500A6FFA3 /* CoordinatorArticle */ = {
			isa = PBXNativeTarget;
			buildConfigurationList = 5D1015322701F79800A6FFA3 /* Build configuration list for PBXNativeTarget "CoordinatorArticle" */;
			buildPhases = (
				5D1015022701F79500A6FFA3 /* Sources */,
				5D1015032701F79500A6FFA3 /* Frameworks */,
				5D1015042701F79500A6FFA3 /* Resources */,
			);
			buildRules = (
			);
			dependencies = (
			);
			name = CoordinatorArticle;
			productName = CoordinatorArticle;
			productReference = 5D1015062701F79500A6FFA3 /* CoordinatorArticle.app */;
			productType = "com.apple.product-type.application";
		};
/* End PBXNativeTarget section */

/* Begin PBXProject section */
		5D1014FE2701F79500A6FFA3 /* Project object */ = {
			isa = PBXProject;
			attributes = {
				BuildIndependentTargetsInParallel = 1;
				LastSwiftUpdateCheck = 1300;
				LastUpgradeCheck = 1300;
				TargetAttributes = {
					5D1015052701F79500A6FFA3 = {
						CreatedOnToolsVersion = 13.0;
					};
				};
			};
			buildConfigurationList = 5D1015012701F79500A6FFA3 /* Build configuration list for PBXProject "CoordinatorArticle" */;
			compatibilityVersion = "Xcode 13.0";
			developmentRegion = en;
			hasScannedForEncodings = 0;
			knownRegions = (
				en,
				Base,
			);
			mainGroup = 5D1014FD2701F79500A6FFA3;
			productRefGroup = 5D1015072701F79500A6FFA3 /* Products */;
			projectDirPath = "";
			projectRoot = "";
			targets = (
				5D1015052701F79500A6FFA3 /* CoordinatorArticle */,
			);
		};
/* End PBXProject section */

/* Begin PBXResourcesBuildPhase section */
		5D1015042701F79500A6FFA3 /* Resources */ = {
			isa = PBXResourcesBuildPhase;
			buildActionMask = 2147483647;
			files = (
				5D1015182701F79800A6FFA3 /* LaunchScreen.storyboard in Resources */,
				5D1015152701F79800A6FFA3 /* Assets.xcassets in Resources */,
				5D1015132701F79500A6FFA3 /* Main.storyboard in Resources */,
			);
			runOnlyForDeploymentPostprocessing = 0;
		};
/* End PBXResourcesBuildPhase section */

/* Begin PBXSourcesBuildPhase section */
		5D1015022701F79500A6FFA3 /* Sources */ = {
			isa = PBXSourcesBuildPhase;
			buildActionMask = 2147483647;
			files = (
				5D78D12727FCB47F00EFE4F5 /* Coordinator.swift in Sources */,
				5D1015102701F79500A6FFA3 /* AboutAppViewController.swift in Sources */,
				5D78D12927FCB59800EFE4F5 /* AppCoordinator.swift in Sources */,
				5D10150A2701F79500A6FFA3 /* AppDelegate.swift in Sources */,
				5D78D12527FCB45200EFE4F5 /* StepAction.swift in Sources */,
			);
			runOnlyForDeploymentPostprocessing = 0;
		};
/* End PBXSourcesBuildPhase section */

/* Begin PBXVariantGroup section */
		5D1015112701F79500A6FFA3 /* Main.storyboard */ = {
			isa = PBXVariantGroup;
			children = (
				5D1015122701F79500A6FFA3 /* Base */,
			);
			name = Main.storyboard;
			sourceTree = "<group>";
		};
		5D1015162701F79800A6FFA3 /* LaunchScreen.storyboard */ = {
			isa = PBXVariantGroup;
			children = (
				5D1015172701F79800A6FFA3 /* Base */,
			);
			name = LaunchScreen.storyboard;
			sourceTree = "<group>";
		};
/* End PBXVariantGroup section */

/* Begin XCBuildConfiguration section */
		5D1015302701F79800A6FFA3 /* Debug */ = {
			isa = XCBuildConfiguration;
			buildSettings = {
				ALWAYS_SEARCH_USER_PATHS = NO;
				CLANG_ANALYZER_NONNULL = YES;
				CLANG_ANALYZER_NUMBER_OBJECT_CONVERSION = YES_AGGRESSIVE;
				CLANG_CXX_LANGUAGE_STANDARD = "gnu++17";
				CLANG_CXX_LIBRARY = "libc++";
				CLANG_ENABLE_MODULES = YES;
				CLANG_ENABLE_OBJC_ARC = YES;
				CLANG_ENABLE_OBJC_WEAK = YES;
				CLANG_WARN_BLOCK_CAPTURE_AUTORELEASING = YES;
				CLANG_WARN_BOOL_CONVERSION = YES;
				CLANG_WARN_COMMA = YES;
				CLANG_WARN_CONSTANT_CONVERSION = YES;
				CLANG_WARN_DEPRECATED_OBJC_IMPLEMENTATIONS = YES;
				CLANG_WARN_DIRECT_OBJC_ISA_USAGE = YES_ERROR;
				CLANG_WARN_DOCUMENTATION_COMMENTS = YES;
				CLANG_WARN_EMPTY_BODY = YES;
				CLANG_WARN_ENUM_CONVERSION = YES;
				CLANG_WARN_INFINITE_RECURSION = YES;
				CLANG_WARN_INT_CONVERSION = YES;
				CLANG_WARN_NON_LITERAL_NULL_CONVERSION = YES;
				CLANG_WARN_OBJC_IMPLICIT_RETAIN_SELF = YES;
				CLANG_WARN_OBJC_LITERAL_CONVERSION = YES;
				CLANG_WARN_OBJC_ROOT_CLASS = YES_ERROR;
				CLANG_WARN_QUOTED_INCLUDE_IN_FRAMEWORK_HEADER = YES;
				CLANG_WARN_RANGE_LOOP_ANALYSIS = YES;
				CLANG_WARN_STRICT_PROTOTYPES = YES;
				CLANG_WARN_SUSPICIOUS_MOVE = YES;
				CLANG_WARN_UNGUARDED_AVAILABILITY = YES_AGGRESSIVE;
				CLANG_WARN_UNREACHABLE_CODE = YES;
				CLANG_WARN__DUPLICATE_METHOD_MATCH = YES;
				COPY_PHASE_STRIP = NO;
				DEBUG_INFORMATION_FORMAT = dwarf;
				ENABLE_STRICT_OBJC_MSGSEND = YES;
				ENABLE_TESTABILITY = YES;
				GCC_C_LANGUAGE_STANDARD = gnu11;
				GCC_DYNAMIC_NO_PIC = NO;
				GCC_NO_COMMON_BLOCKS = YES;
				GCC_OPTIMIZATION_LEVEL = 0;
				GCC_PREPROCESSOR_DEFINITIONS = (
					"DEBUG=1",
					"$(inherited)",
				);
				GCC_WARN_64_TO_32_BIT_CONVERSION = YES;
				GCC_WARN_ABOUT_RETURN_TYPE = YES_ERROR;
				GCC_WARN_UNDECLARED_SELECTOR = YES;
				GCC_WARN_UNINITIALIZED_AUTOS = YES_AGGRESSIVE;
				GCC_WARN_UNUSED_FUNCTION = YES;
				GCC_WARN_UNUSED_VARIABLE = YES;
				IPHONEOS_DEPLOYMENT_TARGET = 15.0;
				MTL_ENABLE_DEBUG_INFO = INCLUDE_SOURCE;
				MTL_FAST_MATH = YES;
				ONLY_ACTIVE_ARCH = YES;
				SDKROOT = iphoneos;
				SWIFT_ACTIVE_COMPILATION_CONDITIONS = DEBUG;
				SWIFT_OPTIMIZATION_LEVEL = "-Onone";
			};
			name = Debug;
		};
		5D1015312701F79800A6FFA3 /* Release */ = {
			isa = XCBuildConfiguration;
			buildSettings = {
				ALWAYS_SEARCH_USER_PATHS = NO;
				CLANG_ANALYZER_NONNULL = YES;
				CLANG_ANALYZER_NUMBER_OBJECT_CONVERSION = YES_AGGRESSIVE;
				CLANG_CXX_LANGUAGE_STANDARD = "gnu++17";
				CLANG_CXX_LIBRARY = "libc++";
				CLANG_ENABLE_MODULES = YES;
				CLANG_ENABLE_OBJC_ARC = YES;
				CLANG_ENABLE_OBJC_WEAK = YES;
				CLANG_WARN_BLOCK_CAPTURE_AUTORELEASING = YES;
				CLANG_WARN_BOOL_CONVERSION = YES;
				CLANG_WARN_COMMA = YES;
				CLANG_WARN_CONSTANT_CONVERSION = YES;
				CLANG_WARN_DEPRECATED_OBJC_IMPLEMENTATIONS = YES;
				CLANG_WARN_DIRECT_OBJC_ISA_USAGE = YES_ERROR;
				CLANG_WARN_DOCUMENTATION_COMMENTS = YES;
				CLANG_WARN_EMPTY_BODY = YES;
				CLANG_WARN_ENUM_CONVERSION = YES;
				CLANG_WARN_INFINITE_RECURSION = YES;
				CLANG_WARN_INT_CONVERSION = YES;
				CLANG_WARN_NON_LITERAL_NULL_CONVERSION = YES;
				CLANG_WARN_OBJC_IMPLICIT_RETAIN_SELF = YES;
				CLANG_WARN_OBJC_LITERAL_CONVERSION = YES;
				CLANG_WARN_OBJC_ROOT_CLASS = YES_ERROR;
				CLANG_WARN_QUOTED_INCLUDE_IN_FRAMEWORK_HEADER = YES;
				CLANG_WARN_RANGE_LOOP_ANALYSIS = YES;
				CLANG_WARN_STRICT_PROTOTYPES = YES;
				CLANG_WARN_SUSPICIOUS_MOVE = YES;
				CLANG_WARN_UNGUARDED_AVAILABILITY = YES_AGGRESSIVE;
				CLANG_WARN_UNREACHABLE_CODE = YES;
				CLANG_WARN__DUPLICATE_METHOD_MATCH = YES;
				COPY_PHASE_STRIP = NO;
				DEBUG_INFORMATION_FORMAT = "dwarf-with-dsym";
				ENABLE_NS_ASSERTIONS = NO;
				ENABLE_STRICT_OBJC_MSGSEND = YES;
				GCC_C_LANGUAGE_STANDARD = gnu11;
				GCC_NO_COMMON_BLOCKS = YES;
				GCC_WARN_64_TO_32_BIT_CONVERSION = YES;
				GCC_WARN_ABOUT_RETURN_TYPE = YES_ERROR;
				GCC_WARN_UNDECLARED_SELECTOR = YES;
				GCC_WARN_UNINITIALIZED_AUTOS = YES_AGGRESSIVE;
				GCC_WARN_UNUSED_FUNCTION = YES;
				GCC_WARN_UNUSED_VARIABLE = YES;
				IPHONEOS_DEPLOYMENT_TARGET = 15.0;
				MTL_ENABLE_DEBUG_INFO = NO;
				MTL_FAST_MATH = YES;
				SDKROOT = iphoneos;
				SWIFT_COMPILATION_MODE = wholemodule;
				SWIFT_OPTIMIZATION_LEVEL = "-O";
				VALIDATE_PRODUCT = YES;
			};
			name = Release;
		};
		5D1015332701F79800A6FFA3 /* Debug */ = {
			isa = XCBuildConfiguration;
			buildSettings = {
				ASSETCATALOG_COMPILER_APPICON_NAME = AppIcon;
				ASSETCATALOG_COMPILER_GLOBAL_ACCENT_COLOR_NAME = AccentColor;
				CODE_SIGN_STYLE = Automatic;
				CURRENT_PROJECT_VERSION = 1;
				DEVELOPMENT_TEAM = FFZN8CA2AB;
				GENERATE_INFOPLIST_FILE = YES;
				INFOPLIST_FILE = CoordinatorArticle/Info.plist;
				INFOPLIST_KEY_UIApplicationSupportsIndirectInputEvents = YES;
				INFOPLIST_KEY_UILaunchStoryboardName = LaunchScreen;
				INFOPLIST_KEY_UIMainStoryboardFile = Main;
				INFOPLIST_KEY_UISupportedInterfaceOrientations_iPad = "UIInterfaceOrientationPortrait UIInterfaceOrientationPortraitUpsideDown UIInterfaceOrientationLandscapeLeft UIInterfaceOrientationLandscapeRight";
				INFOPLIST_KEY_UISupportedInterfaceOrientations_iPhone = "UIInterfaceOrientationPortrait UIInterfaceOrientationLandscapeLeft UIInterfaceOrientationLandscapeRight";
				INFOPLIST_KEY_UISupportsDocumentBrowser = YES;
				LD_RUNPATH_SEARCH_PATHS = (
					"$(inherited)",
					"@executable_path/Frameworks",
				);
				MARKETING_VERSION = 1.0;
				PRODUCT_BUNDLE_IDENTIFIER = goodrequest.CoordinatorArticle;
				PRODUCT_NAME = "$(TARGET_NAME)";
				SWIFT_EMIT_LOC_STRINGS = YES;
				SWIFT_VERSION = 5.0;
				TARGETED_DEVICE_FAMILY = "1,2";
			};
			name = Debug;
		};
		5D1015342701F79800A6FFA3 /* Release */ = {
			isa = XCBuildConfiguration;
			buildSettings = {
				ASSETCATALOG_COMPILER_APPICON_NAME = AppIcon;
				ASSETCATALOG_COMPILER_GLOBAL_ACCENT_COLOR_NAME = AccentColor;
				CODE_SIGN_STYLE = Automatic;
				CURRENT_PROJECT_VERSION = 1;
				DEVELOPMENT_TEAM = FFZN8CA2AB;
				GENERATE_INFOPLIST_FILE = YES;
				INFOPLIST_FILE = CoordinatorArticle/Info.plist;
				INFOPLIST_KEY_UIApplicationSupportsIndirectInputEvents = YES;
				INFOPLIST_KEY_UILaunchStoryboardName = LaunchScreen;
				INFOPLIST_KEY_UIMainStoryboardFile = Main;
				INFOPLIST_KEY_UISupportedInterfaceOrientations_iPad = "UIInterfaceOrientationPortrait UIInterfaceOrientationPortraitUpsideDown UIInterfaceOrientationLandscapeLeft UIInterfaceOrientationLandscapeRight";
				INFOPLIST_KEY_UISupportedInterfaceOrientations_iPhone = "UIInterfaceOrientationPortrait UIInterfaceOrientationLandscapeLeft UIInterfaceOrientationLandscapeRight";
				INFOPLIST_KEY_UISupportsDocumentBrowser = YES;
				LD_RUNPATH_SEARCH_PATHS = (
					"$(inherited)",
					"@executable_path/Frameworks",
				);
				MARKETING_VERSION = 1.0;
				PRODUCT_BUNDLE_IDENTIFIER = goodrequest.CoordinatorArticle;
				PRODUCT_NAME = "$(TARGET_NAME)";
				SWIFT_EMIT_LOC_STRINGS = YES;
				SWIFT_VERSION = 5.0;
				TARGETED_DEVICE_FAMILY = "1,2";
			};
			name = Release;
		};
/* End XCBuildConfiguration section */

/* Begin XCConfigurationList section */
		5D1015012701F79500A6FFA3 /* Build configuration list for PBXProject "CoordinatorArticle" */ = {
			isa = XCConfigurationList;
			buildConfigurations = (
				5D1015302701F79800A6FFA3 /* Debug */,
				5D1015312701F79800A6FFA3 /* Release */,
			);
			defaultConfigurationIsVisible = 0;
			defaultConfigurationName = Release;
		};
		5D1015322701F79800A6FFA3 /* Build configuration list for PBXNativeTarget "CoordinatorArticle" */ = {
			isa = XCConfigurationList;
			buildConfigurations = (
				5D1015332701F79800A6FFA3 /* Debug */,
				5D1015342701F79800A6FFA3 /* Release */,
			);
			defaultConfigurationIsVisible = 0;
			defaultConfigurationName = Release;
		};
/* End XCConfigurationList section */
	};
	rootObject = 5D1014FE2701F79500A6FFA3 /* Project object */;
}
